
Microsoft Visual Studio Solution File, Format Version 12.00
# Visual Studio Version 17
VisualStudioVersion = 17.6.33815.320
MinimumVisualStudioVersion = 10.0.40219.1
Project("{FAE04EC0-301F-11D3-BF4B-00C04F79EFBC}") = "SourceCode", "TddAssessmentRenePerida\SourceCode.csproj", "{6A65E75A-7B22-46A6-A631-F560A0A01FFE}"
EndProject
Project("{FAE04EC0-301F-11D3-BF4B-00C04F79EFBC}") = "UnitTests", "UnitTests\UnitTests.csproj", "{B4EE7A0A-529C-4F19-91BD-C1DBDCE62CE8}"
EndProject
Global
	GlobalSection(SolutionConfigurationPlatforms) = preSolution
		Debug|Any CPU = Debug|Any CPU
		Release|Any CPU = Release|Any CPU
	EndGlobalSection
	GlobalSection(ProjectConfigurationPlatforms) = postSolution
		{6A65E75A-7B22-46A6-A631-F560A0A01FFE}.Debug|Any CPU.ActiveCfg = Debug|Any CPU
		{6A65E75A-7B22-46A6-A631-F560A0A01FFE}.Debug|Any CPU.Build.0 = Debug|Any CPU
		{6A65E75A-7B22-46A6-A631-F560A0A01FFE}.Release|Any CPU.ActiveCfg = Release|Any CPU
		{6A65E75A-7B22-46A6-A631-F560A0A01FFE}.Release|Any CPU.Build.0 = Release|Any CPU
		{B4EE7A0A-529C-4F19-91BD-C1DBDCE62CE8}.Debug|Any CPU.ActiveCfg = Debug|Any CPU
		{B4EE7A0A-529C-4F19-91BD-C1DBDCE62CE8}.Debug|Any CPU.Build.0 = Debug|Any CPU
		{B4EE7A0A-529C-4F19-91BD-C1DBDCE62CE8}.Release|Any CPU.ActiveCfg = Release|Any CPU
		{B4EE7A0A-529C-4F19-91BD-C1DBDCE62CE8}.Release|Any CPU.Build.0 = Release|Any CPU
	EndGlobalSection
	GlobalSection(SolutionProperties) = preSolution
		HideSolutionNode = FALSE
	EndGlobalSection
	GlobalSection(ExtensibilityGlobals) = postSolution
		SolutionGuid = {EA4D9A61-BDA8-4216-8A00-94E117DD01CF}
	EndGlobalSection
EndGlobal
